
Microsoft Visual Studio Solution File, Format Version 12.00
# Visual Studio 15
VisualStudioVersion = 15.0.28307.902
MinimumVisualStudioVersion = 10.0.40219.1
Project("{9A19103F-16F7-4668-BE54-9A1E7A4F7556}") = "Barometer", "Barometer\Barometer.csproj", "{0A32C098-01F6-4E2D-87E3-64306A7757C0}"
EndProject
Project("{9A19103F-16F7-4668-BE54-9A1E7A4F7556}") = "Barometer_Test", "Barometer_Test\Barometer_Test.csproj", "{4E3B34D4-792E-4676-88D2-F5FA652B4E49}"
EndProject
Project("{FAE04EC0-301F-11D3-BF4B-00C04F79EFBC}") = "BarometricApp", "BarometricApp\BarometricApp.csproj", "{80ED789F-65EC-4106-8D2A-E881FEBEFAE3}"
EndProject
Project("{9A19103F-16F7-4668-BE54-9A1E7A4F7556}") = "Barometer_DotNetStandard", "Barometer_DotNetStandard\Barometer_DotNetStandard.csproj", "{9834E620-0B9B-4B07-B407-D839D5A799D9}"
EndProject
Project("{FAE04EC0-301F-11D3-BF4B-00C04F79EFBC}") = "WhereAmI.Android", "WhereAmI\WhereAmI.Android\WhereAmI.Android.csproj", "{46382856-A1F1-4F74-8BD9-73E8417AAFDC}"
EndProject
Project("{9A19103F-16F7-4668-BE54-9A1E7A4F7556}") = "WhereAmI", "WhereAmI\WhereAmI\WhereAmI.csproj", "{A5A79496-4D63-4032-915E-B2F3D3EC6F95}"
EndProject
Project("{FAE04EC0-301F-11D3-BF4B-00C04F79EFBC}") = "Eight_Queens", "Eight_Queens\Eight_Queens.csproj", "{2805DBBE-B021-41D3-BF23-A5128B82B80E}"
EndProject
Global
	GlobalSection(SolutionConfigurationPlatforms) = preSolution
		Debug|Any CPU = Debug|Any CPU
		Debug|ARM = Debug|ARM
		Debug|ARM64 = Debug|ARM64
		Debug|x64 = Debug|x64
		Debug|x86 = Debug|x86
		Release|Any CPU = Release|Any CPU
		Release|ARM = Release|ARM
		Release|ARM64 = Release|ARM64
		Release|x64 = Release|x64
		Release|x86 = Release|x86
	EndGlobalSection
	GlobalSection(ProjectConfigurationPlatforms) = postSolution
		{0A32C098-01F6-4E2D-87E3-64306A7757C0}.Debug|Any CPU.ActiveCfg = Debug|Any CPU
		{0A32C098-01F6-4E2D-87E3-64306A7757C0}.Debug|Any CPU.Build.0 = Debug|Any CPU
		{0A32C098-01F6-4E2D-87E3-64306A7757C0}.Debug|ARM.ActiveCfg = Debug|Any CPU
		{0A32C098-01F6-4E2D-87E3-64306A7757C0}.Debug|ARM.Build.0 = Debug|Any CPU
		{0A32C098-01F6-4E2D-87E3-64306A7757C0}.Debug|ARM64.ActiveCfg = Debug|Any CPU
		{0A32C098-01F6-4E2D-87E3-64306A7757C0}.Debug|ARM64.Build.0 = Debug|Any CPU
		{0A32C098-01F6-4E2D-87E3-64306A7757C0}.Debug|x64.ActiveCfg = Debug|Any CPU
		{0A32C098-01F6-4E2D-87E3-64306A7757C0}.Debug|x64.Build.0 = Debug|Any CPU
		{0A32C098-01F6-4E2D-87E3-64306A7757C0}.Debug|x86.ActiveCfg = Debug|Any CPU
		{0A32C098-01F6-4E2D-87E3-64306A7757C0}.Debug|x86.Build.0 = Debug|Any CPU
		{0A32C098-01F6-4E2D-87E3-64306A7757C0}.Release|Any CPU.ActiveCfg = Release|Any CPU
		{0A32C098-01F6-4E2D-87E3-64306A7757C0}.Release|Any CPU.Build.0 = Release|Any CPU
		{0A32C098-01F6-4E2D-87E3-64306A7757C0}.Release|ARM.ActiveCfg = Release|Any CPU
		{0A32C098-01F6-4E2D-87E3-64306A7757C0}.Release|ARM.Build.0 = Release|Any CPU
		{0A32C098-01F6-4E2D-87E3-64306A7757C0}.Release|ARM64.ActiveCfg = Release|Any CPU
		{0A32C098-01F6-4E2D-87E3-64306A7757C0}.Release|ARM64.Build.0 = Release|Any CPU
		{0A32C098-01F6-4E2D-87E3-64306A7757C0}.Release|x64.ActiveCfg = Release|Any CPU
		{0A32C098-01F6-4E2D-87E3-64306A7757C0}.Release|x64.Build.0 = Release|Any CPU
		{0A32C098-01F6-4E2D-87E3-64306A7757C0}.Release|x86.ActiveCfg = Release|Any CPU
		{0A32C098-01F6-4E2D-87E3-64306A7757C0}.Release|x86.Build.0 = Release|Any CPU
		{4E3B34D4-792E-4676-88D2-F5FA652B4E49}.Debug|Any CPU.ActiveCfg = Debug|Any CPU
		{4E3B34D4-792E-4676-88D2-F5FA652B4E49}.Debug|Any CPU.Build.0 = Debug|Any CPU
		{4E3B34D4-792E-4676-88D2-F5FA652B4E49}.Debug|ARM.ActiveCfg = Debug|Any CPU
		{4E3B34D4-792E-4676-88D2-F5FA652B4E49}.Debug|ARM.Build.0 = Debug|Any CPU
		{4E3B34D4-792E-4676-88D2-F5FA652B4E49}.Debug|ARM64.ActiveCfg = Debug|Any CPU
		{4E3B34D4-792E-4676-88D2-F5FA652B4E49}.Debug|ARM64.Build.0 = Debug|Any CPU
		{4E3B34D4-792E-4676-88D2-F5FA652B4E49}.Debug|x64.ActiveCfg = Debug|Any CPU
		{4E3B34D4-792E-4676-88D2-F5FA652B4E49}.Debug|x64.Build.0 = Debug|Any CPU
		{4E3B34D4-792E-4676-88D2-F5FA652B4E49}.Debug|x86.ActiveCfg = Debug|Any CPU
		{4E3B34D4-792E-4676-88D2-F5FA652B4E49}.Debug|x86.Build.0 = Debug|Any CPU
		{4E3B34D4-792E-4676-88D2-F5FA652B4E49}.Release|Any CPU.ActiveCfg = Release|Any CPU
		{4E3B34D4-792E-4676-88D2-F5FA652B4E49}.Release|Any CPU.Build.0 = Release|Any CPU
		{4E3B34D4-792E-4676-88D2-F5FA652B4E49}.Release|ARM.ActiveCfg = Release|Any CPU
		{4E3B34D4-792E-4676-88D2-F5FA652B4E49}.Release|ARM.Build.0 = Release|Any CPU
		{4E3B34D4-792E-4676-88D2-F5FA652B4E49}.Release|ARM64.ActiveCfg = Release|Any CPU
		{4E3B34D4-792E-4676-88D2-F5FA652B4E49}.Release|ARM64.Build.0 = Release|Any CPU
		{4E3B34D4-792E-4676-88D2-F5FA652B4E49}.Release|x64.ActiveCfg = Release|Any CPU
		{4E3B34D4-792E-4676-88D2-F5FA652B4E49}.Release|x64.Build.0 = Release|Any CPU
		{4E3B34D4-792E-4676-88D2-F5FA652B4E49}.Release|x86.ActiveCfg = Release|Any CPU
		{4E3B34D4-792E-4676-88D2-F5FA652B4E49}.Release|x86.Build.0 = Release|Any CPU
		{80ED789F-65EC-4106-8D2A-E881FEBEFAE3}.Debug|Any CPU.ActiveCfg = Debug|x86
		{80ED789F-65EC-4106-8D2A-E881FEBEFAE3}.Debug|ARM.ActiveCfg = Debug|ARM
		{80ED789F-65EC-4106-8D2A-E881FEBEFAE3}.Debug|ARM.Build.0 = Debug|ARM
		{80ED789F-65EC-4106-8D2A-E881FEBEFAE3}.Debug|ARM.Deploy.0 = Debug|ARM
		{80ED789F-65EC-4106-8D2A-E881FEBEFAE3}.Debug|ARM64.ActiveCfg = Debug|ARM64
		{80ED789F-65EC-4106-8D2A-E881FEBEFAE3}.Debug|ARM64.Build.0 = Debug|ARM64
		{80ED789F-65EC-4106-8D2A-E881FEBEFAE3}.Debug|ARM64.Deploy.0 = Debug|ARM64
		{80ED789F-65EC-4106-8D2A-E881FEBEFAE3}.Debug|x64.ActiveCfg = Debug|x64
		{80ED789F-65EC-4106-8D2A-E881FEBEFAE3}.Debug|x64.Build.0 = Debug|x64
		{80ED789F-65EC-4106-8D2A-E881FEBEFAE3}.Debug|x64.Deploy.0 = Debug|x64
		{80ED789F-65EC-4106-8D2A-E881FEBEFAE3}.Debug|x86.ActiveCfg = Debug|x86
		{80ED789F-65EC-4106-8D2A-E881FEBEFAE3}.Debug|x86.Build.0 = Debug|x86
		{80ED789F-65EC-4106-8D2A-E881FEBEFAE3}.Debug|x86.Deploy.0 = Debug|x86
		{80ED789F-65EC-4106-8D2A-E881FEBEFAE3}.Release|Any CPU.ActiveCfg = Release|x86
		{80ED789F-65EC-4106-8D2A-E881FEBEFAE3}.Release|ARM.ActiveCfg = Release|ARM
		{80ED789F-65EC-4106-8D2A-E881FEBEFAE3}.Release|ARM.Build.0 = Release|ARM
		{80ED789F-65EC-4106-8D2A-E881FEBEFAE3}.Release|ARM.Deploy.0 = Release|ARM
		{80ED789F-65EC-4106-8D2A-E881FEBEFAE3}.Release|ARM64.ActiveCfg = Release|ARM64
		{80ED789F-65EC-4106-8D2A-E881FEBEFAE3}.Release|ARM64.Build.0 = Release|ARM64
		{80ED789F-65EC-4106-8D2A-E881FEBEFAE3}.Release|ARM64.Deploy.0 = Release|ARM64
		{80ED789F-65EC-4106-8D2A-E881FEBEFAE3}.Release|x64.ActiveCfg = Release|x64
		{80ED789F-65EC-4106-8D2A-E881FEBEFAE3}.Release|x64.Build.0 = Release|x64
		{80ED789F-65EC-4106-8D2A-E881FEBEFAE3}.Release|x64.Deploy.0 = Release|x64
		{80ED789F-65EC-4106-8D2A-E881FEBEFAE3}.Release|x86.ActiveCfg = Release|x86
		{80ED789F-65EC-4106-8D2A-E881FEBEFAE3}.Release|x86.Build.0 = Release|x86
		{80ED789F-65EC-4106-8D2A-E881FEBEFAE3}.Release|x86.Deploy.0 = Release|x86
		{9834E620-0B9B-4B07-B407-D839D5A799D9}.Debug|Any CPU.ActiveCfg = Debug|Any CPU
		{9834E620-0B9B-4B07-B407-D839D5A799D9}.Debug|Any CPU.Build.0 = Debug|Any CPU
		{9834E620-0B9B-4B07-B407-D839D5A799D9}.Debug|ARM.ActiveCfg = Debug|Any CPU
		{9834E620-0B9B-4B07-B407-D839D5A799D9}.Debug|ARM.Build.0 = Debug|Any CPU
		{9834E620-0B9B-4B07-B407-D839D5A799D9}.Debug|ARM64.ActiveCfg = Debug|Any CPU
		{9834E620-0B9B-4B07-B407-D839D5A799D9}.Debug|ARM64.Build.0 = Debug|Any CPU
		{9834E620-0B9B-4B07-B407-D839D5A799D9}.Debug|x64.ActiveCfg = Debug|Any CPU
		{9834E620-0B9B-4B07-B407-D839D5A799D9}.Debug|x64.Build.0 = Debug|Any CPU
		{9834E620-0B9B-4B07-B407-D839D5A799D9}.Debug|x86.ActiveCfg = Debug|Any CPU
		{9834E620-0B9B-4B07-B407-D839D5A799D9}.Debug|x86.Build.0 = Debug|Any CPU
		{9834E620-0B9B-4B07-B407-D839D5A799D9}.Release|Any CPU.ActiveCfg = Release|Any CPU
		{9834E620-0B9B-4B07-B407-D839D5A799D9}.Release|Any CPU.Build.0 = Release|Any CPU
		{9834E620-0B9B-4B07-B407-D839D5A799D9}.Release|ARM.ActiveCfg = Release|Any CPU
		{9834E620-0B9B-4B07-B407-D839D5A799D9}.Release|ARM.Build.0 = Release|Any CPU
		{9834E620-0B9B-4B07-B407-D839D5A799D9}.Release|ARM64.ActiveCfg = Release|Any CPU
		{9834E620-0B9B-4B07-B407-D839D5A799D9}.Release|ARM64.Build.0 = Release|Any CPU
		{9834E620-0B9B-4B07-B407-D839D5A799D9}.Release|x64.ActiveCfg = Release|Any CPU
		{9834E620-0B9B-4B07-B407-D839D5A799D9}.Release|x64.Build.0 = Release|Any CPU
		{9834E620-0B9B-4B07-B407-D839D5A799D9}.Release|x86.ActiveCfg = Release|Any CPU
		{9834E620-0B9B-4B07-B407-D839D5A799D9}.Release|x86.Build.0 = Release|Any CPU
		{46382856-A1F1-4F74-8BD9-73E8417AAFDC}.Debug|Any CPU.ActiveCfg = Debug|Any CPU
		{46382856-A1F1-4F74-8BD9-73E8417AAFDC}.Debug|Any CPU.Build.0 = Debug|Any CPU
		{46382856-A1F1-4F74-8BD9-73E8417AAFDC}.Debug|Any CPU.Deploy.0 = Debug|Any CPU
		{46382856-A1F1-4F74-8BD9-73E8417AAFDC}.Debug|ARM.ActiveCfg = Debug|Any CPU
		{46382856-A1F1-4F74-8BD9-73E8417AAFDC}.Debug|ARM.Build.0 = Debug|Any CPU
		{46382856-A1F1-4F74-8BD9-73E8417AAFDC}.Debug|ARM.Deploy.0 = Debug|Any CPU
		{46382856-A1F1-4F74-8BD9-73E8417AAFDC}.Debug|ARM64.ActiveCfg = Debug|Any CPU
		{46382856-A1F1-4F74-8BD9-73E8417AAFDC}.Debug|ARM64.Build.0 = Debug|Any CPU
		{46382856-A1F1-4F74-8BD9-73E8417AAFDC}.Debug|ARM64.Deploy.0 = Debug|Any CPU
		{46382856-A1F1-4F74-8BD9-73E8417AAFDC}.Debug|x64.ActiveCfg = Debug|Any CPU
		{46382856-A1F1-4F74-8BD9-73E8417AAFDC}.Debug|x64.Build.0 = Debug|Any CPU
		{46382856-A1F1-4F74-8BD9-73E8417AAFDC}.Debug|x64.Deploy.0 = Debug|Any CPU
		{46382856-A1F1-4F74-8BD9-73E8417AAFDC}.Debug|x86.ActiveCfg = Debug|Any CPU
		{46382856-A1F1-4F74-8BD9-73E8417AAFDC}.Debug|x86.Build.0 = Debug|Any CPU
		{46382856-A1F1-4F74-8BD9-73E8417AAFDC}.Debug|x86.Deploy.0 = Debug|Any CPU
		{46382856-A1F1-4F74-8BD9-73E8417AAFDC}.Release|Any CPU.ActiveCfg = Release|Any CPU
		{46382856-A1F1-4F74-8BD9-73E8417AAFDC}.Release|Any CPU.Build.0 = Release|Any CPU
		{46382856-A1F1-4F74-8BD9-73E8417AAFDC}.Release|Any CPU.Deploy.0 = Release|Any CPU
		{46382856-A1F1-4F74-8BD9-73E8417AAFDC}.Release|ARM.ActiveCfg = Release|Any CPU
		{46382856-A1F1-4F74-8BD9-73E8417AAFDC}.Release|ARM.Build.0 = Release|Any CPU
		{46382856-A1F1-4F74-8BD9-73E8417AAFDC}.Release|ARM.Deploy.0 = Release|Any CPU
		{46382856-A1F1-4F74-8BD9-73E8417AAFDC}.Release|ARM64.ActiveCfg = Release|Any CPU
		{46382856-A1F1-4F74-8BD9-73E8417AAFDC}.Release|ARM64.Build.0 = Release|Any CPU
		{46382856-A1F1-4F74-8BD9-73E8417AAFDC}.Release|ARM64.Deploy.0 = Release|Any CPU
		{46382856-A1F1-4F74-8BD9-73E8417AAFDC}.Release|x64.ActiveCfg = Release|Any CPU
		{46382856-A1F1-4F74-8BD9-73E8417AAFDC}.Release|x64.Build.0 = Release|Any CPU
		{46382856-A1F1-4F74-8BD9-73E8417AAFDC}.Release|x64.Deploy.0 = Release|Any CPU
		{46382856-A1F1-4F74-8BD9-73E8417AAFDC}.Release|x86.ActiveCfg = Release|Any CPU
		{46382856-A1F1-4F74-8BD9-73E8417AAFDC}.Release|x86.Build.0 = Release|Any CPU
		{46382856-A1F1-4F74-8BD9-73E8417AAFDC}.Release|x86.Deploy.0 = Release|Any CPU
		{A5A79496-4D63-4032-915E-B2F3D3EC6F95}.Debug|Any CPU.ActiveCfg = Debug|Any CPU
		{A5A79496-4D63-4032-915E-B2F3D3EC6F95}.Debug|Any CPU.Build.0 = Debug|Any CPU
		{A5A79496-4D63-4032-915E-B2F3D3EC6F95}.Debug|ARM.ActiveCfg = Debug|Any CPU
		{A5A79496-4D63-4032-915E-B2F3D3EC6F95}.Debug|ARM.Build.0 = Debug|Any CPU
		{A5A79496-4D63-4032-915E-B2F3D3EC6F95}.Debug|ARM64.ActiveCfg = Debug|Any CPU
		{A5A79496-4D63-4032-915E-B2F3D3EC6F95}.Debug|ARM64.Build.0 = Debug|Any CPU
		{A5A79496-4D63-4032-915E-B2F3D3EC6F95}.Debug|x64.ActiveCfg = Debug|Any CPU
		{A5A79496-4D63-4032-915E-B2F3D3EC6F95}.Debug|x64.Build.0 = Debug|Any CPU
		{A5A79496-4D63-4032-915E-B2F3D3EC6F95}.Debug|x86.ActiveCfg = Debug|Any CPU
		{A5A79496-4D63-4032-915E-B2F3D3EC6F95}.Debug|x86.Build.0 = Debug|Any CPU
		{A5A79496-4D63-4032-915E-B2F3D3EC6F95}.Release|Any CPU.ActiveCfg = Release|Any CPU
		{A5A79496-4D63-4032-915E-B2F3D3EC6F95}.Release|Any CPU.Build.0 = Release|Any CPU
		{A5A79496-4D63-4032-915E-B2F3D3EC6F95}.Release|ARM.ActiveCfg = Release|Any CPU
		{A5A79496-4D63-4032-915E-B2F3D3EC6F95}.Release|ARM.Build.0 = Release|Any CPU
		{A5A79496-4D63-4032-915E-B2F3D3EC6F95}.Release|ARM64.ActiveCfg = Release|Any CPU
		{A5A79496-4D63-4032-915E-B2F3D3EC6F95}.Release|ARM64.Build.0 = Release|Any CPU
		{A5A79496-4D63-4032-915E-B2F3D3EC6F95}.Release|x64.ActiveCfg = Release|Any CPU
		{A5A79496-4D63-4032-915E-B2F3D3EC6F95}.Release|x64.Build.0 = Release|Any CPU
		{A5A79496-4D63-4032-915E-B2F3D3EC6F95}.Release|x86.ActiveCfg = Release|Any CPU
		{A5A79496-4D63-4032-915E-B2F3D3EC6F95}.Release|x86.Build.0 = Release|Any CPU
		{2805DBBE-B021-41D3-BF23-A5128B82B80E}.Debug|Any CPU.ActiveCfg = Debug|Any CPU
		{2805DBBE-B021-41D3-BF23-A5128B82B80E}.Debug|Any CPU.Build.0 = Debug|Any CPU
		{2805DBBE-B021-41D3-BF23-A5128B82B80E}.Debug|ARM.ActiveCfg = Debug|Any CPU
		{2805DBBE-B021-41D3-BF23-A5128B82B80E}.Debug|ARM.Build.0 = Debug|Any CPU
		{2805DBBE-B021-41D3-BF23-A5128B82B80E}.Debug|ARM64.ActiveCfg = Debug|Any CPU
		{2805DBBE-B021-41D3-BF23-A5128B82B80E}.Debug|ARM64.Build.0 = Debug|Any CPU
		{2805DBBE-B021-41D3-BF23-A5128B82B80E}.Debug|x64.ActiveCfg = Debug|Any CPU
		{2805DBBE-B021-41D3-BF23-A5128B82B80E}.Debug|x64.Build.0 = Debug|Any CPU
		{2805DBBE-B021-41D3-BF23-A5128B82B80E}.Debug|x86.ActiveCfg = Debug|Any CPU
		{2805DBBE-B021-41D3-BF23-A5128B82B80E}.Debug|x86.Build.0 = Debug|Any CPU
		{2805DBBE-B021-41D3-BF23-A5128B82B80E}.Release|Any CPU.ActiveCfg = Release|Any CPU
		{2805DBBE-B021-41D3-BF23-A5128B82B80E}.Release|Any CPU.Build.0 = Release|Any CPU
		{2805DBBE-B021-41D3-BF23-A5128B82B80E}.Release|ARM.ActiveCfg = Release|Any CPU
		{2805DBBE-B021-41D3-BF23-A5128B82B80E}.Release|ARM.Build.0 = Release|Any CPU
		{2805DBBE-B021-41D3-BF23-A5128B82B80E}.Release|ARM64.ActiveCfg = Release|Any CPU
		{2805DBBE-B021-41D3-BF23-A5128B82B80E}.Release|ARM64.Build.0 = Release|Any CPU
		{2805DBBE-B021-41D3-BF23-A5128B82B80E}.Release|x64.ActiveCfg = Release|Any CPU
		{2805DBBE-B021-41D3-BF23-A5128B82B80E}.Release|x64.Build.0 = Release|Any CPU
		{2805DBBE-B021-41D3-BF23-A5128B82B80E}.Release|x86.ActiveCfg = Release|Any CPU
		{2805DBBE-B021-41D3-BF23-A5128B82B80E}.Release|x86.Build.0 = Release|Any CPU
	EndGlobalSection
	GlobalSection(SolutionProperties) = preSolution
		HideSolutionNode = FALSE
	EndGlobalSection
	GlobalSection(ExtensibilityGlobals) = postSolution
		SolutionGuid = {EC1FB135-43FF-46E5-8824-876F037D8DE3}
	EndGlobalSection
EndGlobal
